
Microsoft Visual Studio Solution File, Format Version 12.00
# Visual Studio Version 17
VisualStudioVersion = 17.7.34031.279
MinimumVisualStudioVersion = 10.0.40219.1
Project("{FAE04EC0-301F-11D3-BF4B-00C04F79EFBC}") = "tpClase02", "tpClase02\tpClase02.csproj", "{4C40A630-E4F4-4562-B45E-552A4FC269D9}"
EndProject
Global
	GlobalSection(SolutionConfigurationPlatforms) = preSolution
		Debug|Any CPU = Debug|Any CPU
		Release|Any CPU = Release|Any CPU
	EndGlobalSection
	GlobalSection(ProjectConfigurationPlatforms) = postSolution
		{4C40A630-E4F4-4562-B45E-552A4FC269D9}.Debug|Any CPU.ActiveCfg = Debug|Any CPU
		{4C40A630-E4F4-4562-B45E-552A4FC269D9}.Debug|Any CPU.Build.0 = Debug|Any CPU
		{4C40A630-E4F4-4562-B45E-552A4FC269D9}.Release|Any CPU.ActiveCfg = Release|Any CPU
		{4C40A630-E4F4-4562-B45E-552A4FC269D9}.Release|Any CPU.Build.0 = Release|Any CPU
	EndGlobalSection
	GlobalSection(SolutionProperties) = preSolution
		HideSolutionNode = FALSE
	EndGlobalSection
	GlobalSection(ExtensibilityGlobals) = postSolution
		SolutionGuid = {8D8682A8-CA42-4323-8BD6-B3ED454514B6}
	EndGlobalSection
EndGlobal
